
Microsoft Visual Studio Solution File, Format Version 12.00
# Visual Studio Version 16
VisualStudioVersion = 16.0.29503.13
MinimumVisualStudioVersion = 10.0.40219.1
Project("{9A19103F-16F7-4668-BE54-9A1E7A4F7556}") = "Rover3", "Rover3.csproj", "{042C6C56-57BF-4AC4-863C-265C2DB81BE6}"
EndProject
Project("{FAE04EC0-301F-11D3-BF4B-00C04F79EFBC}") = "UnitTestsRover3", "..\UnitTestsRover3\UnitTestsRover3.csproj", "{061D0CEB-2A44-4C36-A199-B30A0FBD6F7C}"
EndProject
Global
	GlobalSection(SolutionConfigurationPlatforms) = preSolution
		Debug|Any CPU = Debug|Any CPU
		Release|Any CPU = Release|Any CPU
	EndGlobalSection
	GlobalSection(ProjectConfigurationPlatforms) = postSolution
		{042C6C56-57BF-4AC4-863C-265C2DB81BE6}.Debug|Any CPU.ActiveCfg = Debug|Any CPU
		{042C6C56-57BF-4AC4-863C-265C2DB81BE6}.Debug|Any CPU.Build.0 = Debug|Any CPU
		{042C6C56-57BF-4AC4-863C-265C2DB81BE6}.Release|Any CPU.ActiveCfg = Release|Any CPU
		{042C6C56-57BF-4AC4-863C-265C2DB81BE6}.Release|Any CPU.Build.0 = Release|Any CPU
		{061D0CEB-2A44-4C36-A199-B30A0FBD6F7C}.Debug|Any CPU.ActiveCfg = Debug|Any CPU
		{061D0CEB-2A44-4C36-A199-B30A0FBD6F7C}.Debug|Any CPU.Build.0 = Debug|Any CPU
		{061D0CEB-2A44-4C36-A199-B30A0FBD6F7C}.Release|Any CPU.ActiveCfg = Release|Any CPU
		{061D0CEB-2A44-4C36-A199-B30A0FBD6F7C}.Release|Any CPU.Build.0 = Release|Any CPU
	EndGlobalSection
	GlobalSection(SolutionProperties) = preSolution
		HideSolutionNode = FALSE
	EndGlobalSection
	GlobalSection(ExtensibilityGlobals) = postSolution
		SolutionGuid = {5F76F63C-B4B2-4B34-9DA0-10DE1B3F140D}
	EndGlobalSection
EndGlobal
